
Microsoft Visual Studio Solution File, Format Version 12.00
# Visual Studio Version 17
VisualStudioVersion = 17.9.34728.123
MinimumVisualStudioVersion = 10.0.40219.1
Project("{9A19103F-16F7-4668-BE54-9A1E7A4F7556}") = "Exercise_1_BackgroundJobApp", "Exercise_1_BackgroundJobApp.csproj", "{476B7BB9-57D6-447A-B0F9-D9681E2C7029}"
EndProject
Global
	GlobalSection(SolutionConfigurationPlatforms) = preSolution
		Debug|Any CPU = Debug|Any CPU
		Release|Any CPU = Release|Any CPU
	EndGlobalSection
	GlobalSection(ProjectConfigurationPlatforms) = postSolution
		{476B7BB9-57D6-447A-B0F9-D9681E2C7029}.Debug|Any CPU.ActiveCfg = Debug|Any CPU
		{476B7BB9-57D6-447A-B0F9-D9681E2C7029}.Debug|Any CPU.Build.0 = Debug|Any CPU
		{476B7BB9-57D6-447A-B0F9-D9681E2C7029}.Release|Any CPU.ActiveCfg = Release|Any CPU
		{476B7BB9-57D6-447A-B0F9-D9681E2C7029}.Release|Any CPU.Build.0 = Release|Any CPU
	EndGlobalSection
	GlobalSection(SolutionProperties) = preSolution
		HideSolutionNode = FALSE
	EndGlobalSection
	GlobalSection(ExtensibilityGlobals) = postSolution
		SolutionGuid = {ECFE7090-622C-45DC-B2F6-100C1B0C2990}
	EndGlobalSection
EndGlobal
